// !$*UTF8*$!
{
	archiveVersion = 1;
	classes = {
	};
	objectVersion = 46;
	objects = {

/* Begin PBXBuildFile section */
		4CDAF54815D54254006A4A5E /* LICENSE in Resources */ = {isa = PBXBuildFile; fileRef = 4CDAF54715D54254006A4A5E /* LICENSE */; };
		4CDAF54B15D544B0006A4A5E /* Quartz.framework in Frameworks */ = {isa = PBXBuildFile; fileRef = 4CDAF54915D544B0006A4A5E /* Quartz.framework */; };
		4CDAF54C15D544B0006A4A5E /* QuartzCore.framework in Frameworks */ = {isa = PBXBuildFile; fileRef = 4CDAF54A15D544B0006A4A5E /* QuartzCore.framework */; };
		4CDAF54F15D54CAC006A4A5E /* AttributeBezierPath.h in Headers */ = {isa = PBXBuildFile; fileRef = 4CDAF54D15D54CAC006A4A5E /* AttributeBezierPath.h */; };
		4CDAF55015D54CAC006A4A5E /* AttributeBezierPath.m in Sources */ = {isa = PBXBuildFile; fileRef = 4CDAF54E15D54CAC006A4A5E /* AttributeBezierPath.m */; };
		4CF8F4421523E0670089F76A /* Cocoa.framework in Frameworks */ = {isa = PBXBuildFile; fileRef = 4CF8F4411523E0670089F76A /* Cocoa.framework */; };
		4CF8F44C1523E0670089F76A /* InfoPlist.strings in Resources */ = {isa = PBXBuildFile; fileRef = 4CF8F44A1523E0670089F76A /* InfoPlist.strings */; };
		4CF8F4501523E0670089F76A /* Pixelator.m in Sources */ = {isa = PBXBuildFile; fileRef = 4CF8F44F1523E0670089F76A /* Pixelator.m */; };
		4CF8F45C1523E2870089F76A /* NSImage+CGImageConversion.h in Headers */ = {isa = PBXBuildFile; fileRef = 4CF8F45A1523E2870089F76A /* NSImage+CGImageConversion.h */; };
		4CF8F45D1523E2870089F76A /* NSImage+CGImageConversion.m in Sources */ = {isa = PBXBuildFile; fileRef = 4CF8F45B1523E2870089F76A /* NSImage+CGImageConversion.m */; };
		4CF8F45F1523E9420089F76A /* README in Resources */ = {isa = PBXBuildFile; fileRef = 4CF8F45E1523E9420089F76A /* README */; };
/* End PBXBuildFile section */

/* Begin PBXFileReference section */
		4CDAF54715D54254006A4A5E /* LICENSE */ = {isa = PBXFileReference; fileEncoding = 4; lastKnownFileType = text; path = LICENSE; sourceTree = "<group>"; };
		4CDAF54915D544B0006A4A5E /* Quartz.framework */ = {isa = PBXFileReference; lastKnownFileType = wrapper.framework; name = Quartz.framework; path = System/Library/Frameworks/Quartz.framework; sourceTree = SDKROOT; };
		4CDAF54A15D544B0006A4A5E /* QuartzCore.framework */ = {isa = PBXFileReference; lastKnownFileType = wrapper.framework; name = QuartzCore.framework; path = System/Library/Frameworks/QuartzCore.framework; sourceTree = SDKROOT; };
		4CDAF54D15D54CAC006A4A5E /* AttributeBezierPath.h */ = {isa = PBXFileReference; fileEncoding = 4; lastKnownFileType = sourcecode.c.h; path = AttributeBezierPath.h; sourceTree = "<group>"; };
		4CDAF54E15D54CAC006A4A5E /* AttributeBezierPath.m */ = {isa = PBXFileReference; fileEncoding = 4; lastKnownFileType = sourcecode.c.objc; path = AttributeBezierPath.m; sourceTree = "<group>"; };
		4CF8F43E1523E0670089F76A /* Pixelator.framework */ = {isa = PBXFileReference; explicitFileType = wrapper.framework; includeInIndex = 0; path = Pixelator.framework; sourceTree = BUILT_PRODUCTS_DIR; };
		4CF8F4411523E0670089F76A /* Cocoa.framework */ = {isa = PBXFileReference; lastKnownFileType = wrapper.framework; name = Cocoa.framework; path = System/Library/Frameworks/Cocoa.framework; sourceTree = SDKROOT; };
		4CF8F4441523E0670089F76A /* AppKit.framework */ = {isa = PBXFileReference; lastKnownFileType = wrapper.framework; name = AppKit.framework; path = System/Library/Frameworks/AppKit.framework; sourceTree = SDKROOT; };
		4CF8F4451523E0670089F76A /* CoreData.framework */ = {isa = PBXFileReference; lastKnownFileType = wrapper.framework; name = CoreData.framework; path = System/Library/Frameworks/CoreData.framework; sourceTree = SDKROOT; };
		4CF8F4461523E0670089F76A /* Foundation.framework */ = {isa = PBXFileReference; lastKnownFileType = wrapper.framework; name = Foundation.framework; path = System/Library/Frameworks/Foundation.framework; sourceTree = SDKROOT; };
		4CF8F4491523E0670089F76A /* Pixelator-Info.plist */ = {isa = PBXFileReference; lastKnownFileType = text.plist.xml; path = "Pixelator-Info.plist"; sourceTree = "<group>"; };
		4CF8F44B1523E0670089F76A /* en */ = {isa = PBXFileReference; lastKnownFileType = text.plist.strings; name = en; path = en.lproj/InfoPlist.strings; sourceTree = "<group>"; };
		4CF8F44D1523E0670089F76A /* Pixelator-Prefix.pch */ = {isa = PBXFileReference; lastKnownFileType = sourcecode.c.h; path = "Pixelator-Prefix.pch"; sourceTree = "<group>"; };
		4CF8F44E1523E0670089F76A /* Pixelator.h */ = {isa = PBXFileReference; lastKnownFileType = sourcecode.c.h; path = Pixelator.h; sourceTree = "<group>"; };
		4CF8F44F1523E0670089F76A /* Pixelator.m */ = {isa = PBXFileReference; lastKnownFileType = sourcecode.c.objc; path = Pixelator.m; sourceTree = "<group>"; };
		4CF8F45A1523E2870089F76A /* NSImage+CGImageConversion.h */ = {isa = PBXFileReference; fileEncoding = 4; lastKnownFileType = sourcecode.c.h; path = "NSImage+CGImageConversion.h"; sourceTree = "<group>"; };
		4CF8F45B1523E2870089F76A /* NSImage+CGImageConversion.m */ = {isa = PBXFileReference; fileEncoding = 4; lastKnownFileType = sourcecode.c.objc; path = "NSImage+CGImageConversion.m"; sourceTree = "<group>"; };
		4CF8F45E1523E9420089F76A /* README */ = {isa = PBXFileReference; fileEncoding = 4; lastKnownFileType = text; path = README; sourceTree = "<group>"; };
/* End PBXFileReference section */

/* Begin PBXFrameworksBuildPhase section */
		4CF8F43A1523E0670089F76A /* Frameworks */ = {
			isa = PBXFrameworksBuildPhase;
			buildActionMask = 2147483647;
			files = (
				4CDAF54B15D544B0006A4A5E /* Quartz.framework in Frameworks */,
				4CDAF54C15D544B0006A4A5E /* QuartzCore.framework in Frameworks */,
				4CF8F4421523E0670089F76A /* Cocoa.framework in Frameworks */,
			);
			runOnlyForDeploymentPostprocessing = 0;
		};
/* End PBXFrameworksBuildPhase section */

/* Begin PBXGroup section */
		4CF8F4321523E0670089F76A = {
			isa = PBXGroup;
			children = (
				4CDAF54715D54254006A4A5E /* LICENSE */,
				4CF8F45E1523E9420089F76A /* README */,
				4CF8F4471523E0670089F76A /* Pixelator */,
				4CF8F4401523E0670089F76A /* Frameworks */,
				4CF8F43F1523E0670089F76A /* Products */,
			);
			sourceTree = "<group>";
		};
		4CF8F43F1523E0670089F76A /* Products */ = {
			isa = PBXGroup;
			children = (
				4CF8F43E1523E0670089F76A /* Pixelator.framework */,
			);
			name = Products;
			sourceTree = "<group>";
		};
		4CF8F4401523E0670089F76A /* Frameworks */ = {
			isa = PBXGroup;
			children = (
				4CF8F4411523E0670089F76A /* Cocoa.framework */,
				4CDAF54915D544B0006A4A5E /* Quartz.framework */,
				4CDAF54A15D544B0006A4A5E /* QuartzCore.framework */,
				4CF8F4431523E0670089F76A /* Other Frameworks */,
			);
			name = Frameworks;
			sourceTree = "<group>";
		};
		4CF8F4431523E0670089F76A /* Other Frameworks */ = {
			isa = PBXGroup;
			children = (
				4CF8F4441523E0670089F76A /* AppKit.framework */,
				4CF8F4451523E0670089F76A /* CoreData.framework */,
				4CF8F4461523E0670089F76A /* Foundation.framework */,
			);
			name = "Other Frameworks";
			sourceTree = "<group>";
		};
		4CF8F4471523E0670089F76A /* Pixelator */ = {
			isa = PBXGroup;
			children = (
				4CF8F45A1523E2870089F76A /* NSImage+CGImageConversion.h */,
				4CF8F45B1523E2870089F76A /* NSImage+CGImageConversion.m */,
				4CDAF54D15D54CAC006A4A5E /* AttributeBezierPath.h */,
				4CDAF54E15D54CAC006A4A5E /* AttributeBezierPath.m */,
				4CF8F44E1523E0670089F76A /* Pixelator.h */,
				4CF8F44F1523E0670089F76A /* Pixelator.m */,
				4CF8F4481523E0670089F76A /* Supporting Files */,
			);
			path = Pixelator;
			sourceTree = "<group>";
		};
		4CF8F4481523E0670089F76A /* Supporting Files */ = {
			isa = PBXGroup;
			children = (
				4CF8F4491523E0670089F76A /* Pixelator-Info.plist */,
				4CF8F44A1523E0670089F76A /* InfoPlist.strings */,
				4CF8F44D1523E0670089F76A /* Pixelator-Prefix.pch */,
			);
			name = "Supporting Files";
			sourceTree = "<group>";
		};
/* End PBXGroup section */

/* Begin PBXHeadersBuildPhase section */
		4CF8F43B1523E0670089F76A /* Headers */ = {
			isa = PBXHeadersBuildPhase;
			buildActionMask = 2147483647;
			files = (
				4CF8F45C1523E2870089F76A /* NSImage+CGImageConversion.h in Headers */,
				4CDAF54F15D54CAC006A4A5E /* AttributeBezierPath.h in Headers */,
			);
			runOnlyForDeploymentPostprocessing = 0;
		};
/* End PBXHeadersBuildPhase section */

/* Begin PBXNativeTarget section */
		4CF8F43D1523E0670089F76A /* Pixelator */ = {
			isa = PBXNativeTarget;
			buildConfigurationList = 4CF8F4531523E0670089F76A /* Build configuration list for PBXNativeTarget "Pixelator" */;
			buildPhases = (
				4CF8F4391523E0670089F76A /* Sources */,
				4CF8F43A1523E0670089F76A /* Frameworks */,
				4CF8F43B1523E0670089F76A /* Headers */,
				4CF8F43C1523E0670089F76A /* Resources */,
			);
			buildRules = (
			);
			dependencies = (
			);
			name = Pixelator;
			productName = Pixelator;
			productReference = 4CF8F43E1523E0670089F76A /* Pixelator.framework */;
			productType = "com.apple.product-type.framework";
		};
/* End PBXNativeTarget section */

/* Begin PBXProject section */
		4CF8F4341523E0670089F76A /* Project object */ = {
			isa = PBXProject;
			attributes = {
				LastUpgradeCheck = 0430;
				ORGANIZATIONNAME = Fyrestead;
			};
			buildConfigurationList = 4CF8F4371523E0670089F76A /* Build configuration list for PBXProject "Pixelator" */;
			compatibilityVersion = "Xcode 3.2";
			developmentRegion = English;
			hasScannedForEncodings = 0;
			knownRegions = (
				en,
			);
			mainGroup = 4CF8F4321523E0670089F76A;
			productRefGroup = 4CF8F43F1523E0670089F76A /* Products */;
			projectDirPath = "";
			projectRoot = "";
			targets = (
				4CF8F43D1523E0670089F76A /* Pixelator */,
			);
		};
/* End PBXProject section */

/* Begin PBXResourcesBuildPhase section */
		4CF8F43C1523E0670089F76A /* Resources */ = {
			isa = PBXResourcesBuildPhase;
			buildActionMask = 2147483647;
			files = (
				4CF8F44C1523E0670089F76A /* InfoPlist.strings in Resources */,
				4CF8F45F1523E9420089F76A /* README in Resources */,
				4CDAF54815D54254006A4A5E /* LICENSE in Resources */,
			);
			runOnlyForDeploymentPostprocessing = 0;
		};
/* End PBXResourcesBuildPhase section */

/* Begin PBXSourcesBuildPhase section */
		4CF8F4391523E0670089F76A /* Sources */ = {
			isa = PBXSourcesBuildPhase;
			buildActionMask = 2147483647;
			files = (
				4CF8F4501523E0670089F76A /* Pixelator.m in Sources */,
				4CF8F45D1523E2870089F76A /* NSImage+CGImageConversion.m in Sources */,
				4CDAF55015D54CAC006A4A5E /* AttributeBezierPath.m in Sources */,
			);
			runOnlyForDeploymentPostprocessing = 0;
		};
/* End PBXSourcesBuildPhase section */

/* Begin PBXVariantGroup section */
		4CF8F44A1523E0670089F76A /* InfoPlist.strings */ = {
			isa = PBXVariantGroup;
			children = (
				4CF8F44B1523E0670089F76A /* en */,
			);
			name = InfoPlist.strings;
			sourceTree = "<group>";
		};
/* End PBXVariantGroup section */

/* Begin XCBuildConfiguration section */
		4CF8F4511523E0670089F76A /* Debug */ = {
			isa = XCBuildConfiguration;
			buildSettings = {
				ALWAYS_SEARCH_USER_PATHS = NO;
				ARCHS = "$(ARCHS_STANDARD_64_BIT)";
				COPY_PHASE_STRIP = NO;
				GCC_C_LANGUAGE_STANDARD = gnu99;
				GCC_DYNAMIC_NO_PIC = NO;
				GCC_ENABLE_OBJC_EXCEPTIONS = YES;
				GCC_OPTIMIZATION_LEVEL = 0;
				GCC_PREPROCESSOR_DEFINITIONS = (
					"DEBUG=1",
					"$(inherited)",
				);
				GCC_SYMBOLS_PRIVATE_EXTERN = NO;
				GCC_VERSION = com.apple.compilers.llvm.clang.1_0;
				GCC_WARN_64_TO_32_BIT_CONVERSION = YES;
				GCC_WARN_ABOUT_RETURN_TYPE = YES;
				GCC_WARN_UNINITIALIZED_AUTOS = YES;
				GCC_WARN_UNUSED_VARIABLE = YES;
				MACOSX_DEPLOYMENT_TARGET = 10.7;
				ONLY_ACTIVE_ARCH = YES;
				SDKROOT = macosx;
			};
			name = Debug;
		};
		4CF8F4521523E0670089F76A /* Release */ = {
			isa = XCBuildConfiguration;
			buildSettings = {
				ALWAYS_SEARCH_USER_PATHS = NO;
				ARCHS = "$(ARCHS_STANDARD_64_BIT)";
				COPY_PHASE_STRIP = YES;
				DEBUG_INFORMATION_FORMAT = "dwarf-with-dsym";
				GCC_C_LANGUAGE_STANDARD = gnu99;
				GCC_ENABLE_OBJC_EXCEPTIONS = YES;
				GCC_VERSION = com.apple.compilers.llvm.clang.1_0;
				GCC_WARN_64_TO_32_BIT_CONVERSION = YES;
				GCC_WARN_ABOUT_RETURN_TYPE = YES;
				GCC_WARN_UNINITIALIZED_AUTOS = YES;
				GCC_WARN_UNUSED_VARIABLE = YES;
				MACOSX_DEPLOYMENT_TARGET = 10.7;
				SDKROOT = macosx;
			};
			name = Release;
		};
		4CF8F4541523E0670089F76A /* Debug */ = {
			isa = XCBuildConfiguration;
			buildSettings = {
				CLANG_ENABLE_OBJC_ARC = YES;
				DYLIB_COMPATIBILITY_VERSION = 1;
				DYLIB_CURRENT_VERSION = 1;
				FRAMEWORK_VERSION = A;
				GCC_PRECOMPILE_PREFIX_HEADER = YES;
				GCC_PREFIX_HEADER = "Pixelator/Pixelator-Prefix.pch";
				INFOPLIST_FILE = "Pixelator/Pixelator-Info.plist";
				PRODUCT_NAME = "$(TARGET_NAME)";
				WRAPPER_EXTENSION = framework;
			};
			name = Debug;
		};
		4CF8F4551523E0670089F76A /* Release */ = {
			isa = XCBuildConfiguration;
			buildSettings = {
				CLANG_ENABLE_OBJC_ARC = YES;
				DYLIB_COMPATIBILITY_VERSION = 1;
				DYLIB_CURRENT_VERSION = 1;
				FRAMEWORK_VERSION = A;
				GCC_PRECOMPILE_PREFIX_HEADER = YES;
				GCC_PREFIX_HEADER = "Pixelator/Pixelator-Prefix.pch";
				INFOPLIST_FILE = "Pixelator/Pixelator-Info.plist";
				PRODUCT_NAME = "$(TARGET_NAME)";
				WRAPPER_EXTENSION = framework;
			};
			name = Release;
		};
/* End XCBuildConfiguration section */

/* Begin XCConfigurationList section */
		4CF8F4371523E0670089F76A /* Build configuration list for PBXProject "Pixelator" */ = {
			isa = XCConfigurationList;
			buildConfigurations = (
				4CF8F4511523E0670089F76A /* Debug */,
				4CF8F4521523E0670089F76A /* Release */,
			);
			defaultConfigurationIsVisible = 0;
			defaultConfigurationName = Release;
		};
		4CF8F4531523E0670089F76A /* Build configuration list for PBXNativeTarget "Pixelator" */ = {
			isa = XCConfigurationList;
			buildConfigurations = (
				4CF8F4541523E0670089F76A /* Debug */,
				4CF8F4551523E0670089F76A /* Release */,
			);
			defaultConfigurationIsVisible = 0;
			defaultConfigurationName = Release;
		};
/* End XCConfigurationList section */
	};
	rootObject = 4CF8F4341523E0670089F76A /* Project object */;
}
